{
  "name": "itunes-win",
  "version": "2.0.0",
  "lockfileVersion": 2,
  "requires": true,
  "packages": {
    "": {
      "version": "2.0.0",
      "license": "GPLv3",
      "dependencies": {
        "touchportal-api": "^2.0.1",
        "winax": "^1.20.0"
      },
      "bin": {
        "itunes-win": "src/index.js"
      }
    },
    "node_modules/@types/node": {
      "version": "10.17.54",
      "resolved": "https://registry.npmjs.org/@types/node/-/node-10.17.54.tgz",
      "integrity": "sha512-c8Lm7+hXdSPmWH4B9z/P/xIXhFK3mCQin4yCYMd2p1qpMG5AfgyJuYZ+3q2dT7qLiMMMGMd5dnkFpdqJARlvtQ=="
    },
    "node_modules/app-root-dir": {
      "version": "1.0.2",
      "resolved": "https://registry.npmjs.org/app-root-dir/-/app-root-dir-1.0.2.tgz",
      "integrity": "sha1-OBh+wt6nV3//Az/8sSFyaS/24Rg="
    },
    "node_modules/compare-versions": {
      "version": "3.6.0",
      "resolved": "https://registry.npmjs.org/compare-versions/-/compare-versions-3.6.0.tgz",
      "integrity": "sha512-W6Af2Iw1z4CB7q4uU4hv646dW9GQuBM+YpC0UvUCWSD8w90SJjp+ujJuXaEMtAXBtSqGfMPuFOVn4/+FlaqfBA=="
    },
    "node_modules/require-from-app-root": {
      "version": "0.2.1",
      "resolved": "https://registry.npmjs.org/require-from-app-root/-/require-from-app-root-0.2.1.tgz",
      "integrity": "sha512-TuNPLCO3uAA6Za80Vtz9F8YL0KpJiJ+ZQxOhdyV0N9j1VzweqXuHqVgacBdYo+25rWPA9jzqusijtKiTd2vW2g==",
      "dependencies": {
        "@types/node": "^10.0.0",
        "app-root-dir": "^1.0.2"
      }
    },
    "node_modules/touchportal-api": {
      "version": "2.0.1",
      "resolved": "https://registry.npmjs.org/touchportal-api/-/touchportal-api-2.0.1.tgz",
      "integrity": "sha512-hXkmcQHxH9X6SMJej7U7KQcV8qoeT+4FF7QiKV5G5lhpzoOiKWW1hpPzH7OMnoARSnoPSedTnJcczKfNXvDOAg==",
      "dependencies": {
        "compare-versions": "^3.6.0",
        "require-from-app-root": "^0.2.1"
      }
    },
    "node_modules/winax": {
      "version": "1.20.0",
      "resolved": "https://registry.npmjs.org/winax/-/winax-1.20.0.tgz",
      "integrity": "sha512-nhhiTRa1w+LXShuFfUiz8gP9pLRGp3ubK70mBYBTnovXIE3F7t1p8TVZ5iLQkky+awj0shTjfiJajAk/FCU8pg==",
      "os": [
        "win32"
      ],
      "engines": {
        "node": ">= 8.0.0"
      }
    }
  },
  "dependencies": {
    "@types/node": {
      "version": "10.17.54",
      "resolved": "https://registry.npmjs.org/@types/node/-/node-10.17.54.tgz",
      "integrity": "sha512-c8Lm7+hXdSPmWH4B9z/P/xIXhFK3mCQin4yCYMd2p1qpMG5AfgyJuYZ+3q2dT7qLiMMMGMd5dnkFpdqJARlvtQ=="
    },
    "app-root-dir": {
      "version": "1.0.2",
      "resolved": "https://registry.npmjs.org/app-root-dir/-/app-root-dir-1.0.2.tgz",
      "integrity": "sha1-OBh+wt6nV3//Az/8sSFyaS/24Rg="
    },
    "compare-versions": {
      "version": "3.6.0",
      "resolved": "https://registry.npmjs.org/compare-versions/-/compare-versions-3.6.0.tgz",
      "integrity": "sha512-W6Af2Iw1z4CB7q4uU4hv646dW9GQuBM+YpC0UvUCWSD8w90SJjp+ujJuXaEMtAXBtSqGfMPuFOVn4/+FlaqfBA=="
    },
    "require-from-app-root": {
      "version": "0.2.1",
      "resolved": "https://registry.npmjs.org/require-from-app-root/-/require-from-app-root-0.2.1.tgz",
      "integrity": "sha512-TuNPLCO3uAA6Za80Vtz9F8YL0KpJiJ+ZQxOhdyV0N9j1VzweqXuHqVgacBdYo+25rWPA9jzqusijtKiTd2vW2g==",
      "requires": {
        "@types/node": "^10.0.0",
        "app-root-dir": "^1.0.2"
      }
    },
    "touchportal-api": {
      "version": "2.0.1",
      "resolved": "https://registry.npmjs.org/touchportal-api/-/touchportal-api-2.0.1.tgz",
      "integrity": "sha512-hXkmcQHxH9X6SMJej7U7KQcV8qoeT+4FF7QiKV5G5lhpzoOiKWW1hpPzH7OMnoARSnoPSedTnJcczKfNXvDOAg==",
      "requires": {
        "compare-versions": "^3.6.0",
        "require-from-app-root": "^0.2.1"
      }
    },
    "winax": {
      "version": "1.20.0",
      "resolved": "https://registry.npmjs.org/winax/-/winax-1.20.0.tgz",
      "integrity": "sha512-nhhiTRa1w+LXShuFfUiz8gP9pLRGp3ubK70mBYBTnovXIE3F7t1p8TVZ5iLQkky+awj0shTjfiJajAk/FCU8pg=="
    }
  }
}
