{
  "name": "itunes-win",
  "version": "1.0.0",
  "lockfileVersion": 1,
  "requires": true,
  "dependencies": {
    "remove-accents": {
      "version": "0.4.2",
      "resolved": "https://registry.npmjs.org/remove-accents/-/remove-accents-0.4.2.tgz",
      "integrity": "sha1-CkPTqq4egNuRngeuJUsoXZ4ce7U="
    },
    "touchportal-api": {
      "version": "1.0.6",
      "resolved": "https://registry.npmjs.org/touchportal-api/-/touchportal-api-1.0.6.tgz",
      "integrity": "sha512-kwra4n4Ph1nBGdZZzV/33FIj9Tazw9i1L/LJFCjS0MOjt2U5UmyDrbOBOXluaSC6OomL89AXHozMYOy8du6Bng=="
    },
    "winax": {
      "version": "1.20.0",
      "resolved": "https://registry.npmjs.org/winax/-/winax-1.20.0.tgz",
      "integrity": "sha512-nhhiTRa1w+LXShuFfUiz8gP9pLRGp3ubK70mBYBTnovXIE3F7t1p8TVZ5iLQkky+awj0shTjfiJajAk/FCU8pg=="
    }
  }
}
